
Microsoft Visual Studio Solution File, Format Version 12.00
# Visual Studio 2015
Project("{FAE04EC0-301F-11D3-BF4B-00C04F79EFBC}") = "RollMe.CSharp", "RollMe.CSharp.csproj", "{23899E29-8C6A-202E-97C5-793AFA634EEB}"
EndProject
Global
	GlobalSection(SolutionConfigurationPlatforms) = preSolution
		Debug|Any CPU = Debug|Any CPU
		Release|Any CPU = Release|Any CPU
	EndGlobalSection
	GlobalSection(ProjectConfigurationPlatforms) = postSolution
		{23899E29-8C6A-202E-97C5-793AFA634EEB}.Debug|Any CPU.ActiveCfg = Debug|Any CPU
		{23899E29-8C6A-202E-97C5-793AFA634EEB}.Debug|Any CPU.Build.0 = Debug|Any CPU
		{23899E29-8C6A-202E-97C5-793AFA634EEB}.Release|Any CPU.ActiveCfg = Release|Any CPU
		{23899E29-8C6A-202E-97C5-793AFA634EEB}.Release|Any CPU.Build.0 = Release|Any CPU
	EndGlobalSection
	GlobalSection(SolutionProperties) = preSolution
		HideSolutionNode = FALSE
	EndGlobalSection
EndGlobal
